{
  "name": "@writetome51/pagination-page-info",
  "version": "1.0.0",
  "lockfileVersion": 1,
  "requires": true,
  "dependencies": {
    "@writetome51/get-left-of-decimal": {
      "version": "1.0.5",
      "resolved": "https://registry.npmjs.org/@writetome51/get-left-of-decimal/-/get-left-of-decimal-1.0.5.tgz",
      "integrity": "sha512-9kypz4kiqJLXhaerpHkJvn54b235ZwQBdGqu0hoP86LGiQILWh4gFFUa80woSKMqE/J3mTSd+Yi31kAZNEp5VQ==",
      "requires": {
        "error-if-not-finite-number": "~1.0.0"
      }
    },
    "@writetome51/get-rounded-up-down": {
      "version": "1.0.11",
      "resolved": "https://registry.npmjs.org/@writetome51/get-rounded-up-down/-/get-rounded-up-down-1.0.11.tgz",
      "integrity": "sha512-ifVWE59LtbBEahLVe+stEbrUESx9OxaN/Usn969J/MTrccWZ9ap+eEPn8enGOWtb0oCTmAhAx2S0/94mUcZ4ew==",
      "requires": {
        "@writetome51/get-left-of-decimal": "~1.0.5",
        "@writetome51/is-integer-is-float": "~1.0.0",
        "error-if-not-finite-number": "~1.0.0"
      }
    },
    "@writetome51/is-finite-number": {
      "version": "1.0.0",
      "resolved": "https://registry.npmjs.org/@writetome51/is-finite-number/-/is-finite-number-1.0.0.tgz",
      "integrity": "sha512-xr1amNVh4HAfVbv9YbzGPvyo0gRykdwODNap3xMlhXIHkZJIuEsfRpuQzPkiEf+AWDxy/dcdwzVP9JMOnu8dUg=="
    },
    "@writetome51/is-integer-is-float": {
      "version": "1.0.0",
      "resolved": "https://registry.npmjs.org/@writetome51/is-integer-is-float/-/is-integer-is-float-1.0.0.tgz",
      "integrity": "sha512-j2qLoQaxXzwctUkWvj6Ce02qhoO0e79jCC1aHYG5wD0tapjlKSHfmXeV22Wtnba/Hg+ajSxvMYAhczKwBwa9pA==",
      "requires": {
        "@writetome51/is-finite-number": "~1.0.0"
      }
    },
    "error-if-not-finite-number": {
      "version": "1.0.0",
      "resolved": "https://registry.npmjs.org/error-if-not-finite-number/-/error-if-not-finite-number-1.0.0.tgz",
      "integrity": "sha512-/G8OPGiHP4NLTuXmx28oOGCuj+KSyoOcor5ON3j8IVVR7aDGVA2LbZzyQXRGS2BTaMt0GnROR7amgzpXku2H5w==",
      "requires": {
        "@writetome51/is-finite-number": "~1.0.0"
      }
    }
  }
}
